
Microsoft Visual Studio Solution File, Format Version 12.00
# Visual Studio Version 16
VisualStudioVersion = 16.0.31624.102
MinimumVisualStudioVersion = 10.0.40219.1
Project("{FAE04EC0-301F-11D3-BF4B-00C04F79EFBC}") = "Carwash.Core", "Carwash.Core\Carwash.Core.csproj", "{00147C72-A6F6-4573-BEF1-3E71A5339816}"
EndProject
Global
	GlobalSection(SolutionConfigurationPlatforms) = preSolution
		Debug|Any CPU = Debug|Any CPU
		Release|Any CPU = Release|Any CPU
	EndGlobalSection
	GlobalSection(ProjectConfigurationPlatforms) = postSolution
		{00147C72-A6F6-4573-BEF1-3E71A5339816}.Debug|Any CPU.ActiveCfg = Debug|Any CPU
		{00147C72-A6F6-4573-BEF1-3E71A5339816}.Debug|Any CPU.Build.0 = Debug|Any CPU
		{00147C72-A6F6-4573-BEF1-3E71A5339816}.Release|Any CPU.ActiveCfg = Release|Any CPU
		{00147C72-A6F6-4573-BEF1-3E71A5339816}.Release|Any CPU.Build.0 = Release|Any CPU
	EndGlobalSection
	GlobalSection(SolutionProperties) = preSolution
		HideSolutionNode = FALSE
	EndGlobalSection
	GlobalSection(ExtensibilityGlobals) = postSolution
		SolutionGuid = {E33F85C2-50FA-47B0-A2A7-9A3C2B8A823F}
	EndGlobalSection
EndGlobal
